// !$*UTF8*$!
{
	archiveVersion = 1;
	classes = {
	};
	objectVersion = 50;
	objects = {

/* Begin PBXBuildFile section */
		32D88E5F249B59A2003D534A /* AppDelegate.swift in Sources */ = {isa = PBXBuildFile; fileRef = 32D88E5E249B59A2003D534A /* AppDelegate.swift */; };
		32D88E61249B59A2003D534A /* SceneDelegate.swift in Sources */ = {isa = PBXBuildFile; fileRef = 32D88E60249B59A2003D534A /* SceneDelegate.swift */; };
		32D88E63249B59A2003D534A /* ViewController.swift in Sources */ = {isa = PBXBuildFile; fileRef = 32D88E62249B59A2003D534A /* ViewController.swift */; };
		32D88E66249B59A2003D534A /* Main.storyboard in Resources */ = {isa = PBXBuildFile; fileRef = 32D88E64249B59A2003D534A /* Main.storyboard */; };
		32D88E68249B59A3003D534A /* Assets.xcassets in Resources */ = {isa = PBXBuildFile; fileRef = 32D88E67249B59A3003D534A /* Assets.xcassets */; };
		32D88E6B249B59A3003D534A /* LaunchScreen.storyboard in Resources */ = {isa = PBXBuildFile; fileRef = 32D88E69249B59A3003D534A /* LaunchScreen.storyboard */; };
		32D88E76249B59A3003D534A /* MainProjectTests.swift in Sources */ = {isa = PBXBuildFile; fileRef = 32D88E75249B59A3003D534A /* MainProjectTests.swift */; };
		32D88E81249B59A3003D534A /* MainProjectUITests.swift in Sources */ = {isa = PBXBuildFile; fileRef = 32D88E80249B59A3003D534A /* MainProjectUITests.swift */; };
/* End PBXBuildFile section */

/* Begin PBXContainerItemProxy section */
		32D88E72249B59A3003D534A /* PBXContainerItemProxy */ = {
			isa = PBXContainerItemProxy;
			containerPortal = 32D88E53249B59A2003D534A /* Project object */;
			proxyType = 1;
			remoteGlobalIDString = 32D88E5A249B59A2003D534A;
			remoteInfo = MainProject;
		};
		32D88E7D249B59A3003D534A /* PBXContainerItemProxy */ = {
			isa = PBXContainerItemProxy;
			containerPortal = 32D88E53249B59A2003D534A /* Project object */;
			proxyType = 1;
			remoteGlobalIDString = 32D88E5A249B59A2003D534A;
			remoteInfo = MainProject;
		};
/* End PBXContainerItemProxy section */

/* Begin PBXFileReference section */
		32D88E5B249B59A2003D534A /* MainProject.app */ = {isa = PBXFileReference; explicitFileType = wrapper.application; includeInIndex = 0; path = MainProject.app; sourceTree = BUILT_PRODUCTS_DIR; };
		32D88E5E249B59A2003D534A /* AppDelegate.swift */ = {isa = PBXFileReference; lastKnownFileType = sourcecode.swift; path = AppDelegate.swift; sourceTree = "<group>"; };
		32D88E60249B59A2003D534A /* SceneDelegate.swift */ = {isa = PBXFileReference; lastKnownFileType = sourcecode.swift; path = SceneDelegate.swift; sourceTree = "<group>"; };
		32D88E62249B59A2003D534A /* ViewController.swift */ = {isa = PBXFileReference; lastKnownFileType = sourcecode.swift; path = ViewController.swift; sourceTree = "<group>"; };
		32D88E65249B59A2003D534A /* Base */ = {isa = PBXFileReference; lastKnownFileType = file.storyboard; name = Base; path = Base.lproj/Main.storyboard; sourceTree = "<group>"; };
		32D88E67249B59A3003D534A /* Assets.xcassets */ = {isa = PBXFileReference; lastKnownFileType = folder.assetcatalog; path = Assets.xcassets; sourceTree = "<group>"; };
		32D88E6A249B59A3003D534A /* Base */ = {isa = PBXFileReference; lastKnownFileType = file.storyboard; name = Base; path = Base.lproj/LaunchScreen.storyboard; sourceTree = "<group>"; };
		32D88E6C249B59A3003D534A /* Info.plist */ = {isa = PBXFileReference; lastKnownFileType = text.plist.xml; path = Info.plist; sourceTree = "<group>"; };
		32D88E71249B59A3003D534A /* MainProjectTests.xctest */ = {isa = PBXFileReference; explicitFileType = wrapper.cfbundle; includeInIndex = 0; path = MainProjectTests.xctest; sourceTree = BUILT_PRODUCTS_DIR; };
		32D88E75249B59A3003D534A /* MainProjectTests.swift */ = {isa = PBXFileReference; lastKnownFileType = sourcecode.swift; path = MainProjectTests.swift; sourceTree = "<group>"; };
		32D88E77249B59A3003D534A /* Info.plist */ = {isa = PBXFileReference; lastKnownFileType = text.plist.xml; path = Info.plist; sourceTree = "<group>"; };
		32D88E7C249B59A3003D534A /* MainProjectUITests.xctest */ = {isa = PBXFileReference; explicitFileType = wrapper.cfbundle; includeInIndex = 0; path = MainProjectUITests.xctest; sourceTree = BUILT_PRODUCTS_DIR; };
		32D88E80249B59A3003D534A /* MainProjectUITests.swift */ = {isa = PBXFileReference; lastKnownFileType = sourcecode.swift; path = MainProjectUITests.swift; sourceTree = "<group>"; };
		32D88E82249B59A3003D534A /* Info.plist */ = {isa = PBXFileReference; lastKnownFileType = text.plist.xml; path = Info.plist; sourceTree = "<group>"; };
/* End PBXFileReference section */

/* Begin PBXFrameworksBuildPhase section */
		32D88E58249B59A2003D534A /* Frameworks */ = {
			isa = PBXFrameworksBuildPhase;
			buildActionMask = 2147483647;
			files = (
			);
			runOnlyForDeploymentPostprocessing = 0;
		};
		32D88E6E249B59A3003D534A /* Frameworks */ = {
			isa = PBXFrameworksBuildPhase;
			buildActionMask = 2147483647;
			files = (
			);
			runOnlyForDeploymentPostprocessing = 0;
		};
		32D88E79249B59A3003D534A /* Frameworks */ = {
			isa = PBXFrameworksBuildPhase;
			buildActionMask = 2147483647;
			files = (
			);
			runOnlyForDeploymentPostprocessing = 0;
		};
/* End PBXFrameworksBuildPhase section */

/* Begin PBXGroup section */
		32D88E52249B59A2003D534A = {
			isa = PBXGroup;
			children = (
				32D88E5D249B59A2003D534A /* MainProject */,
				32D88E74249B59A3003D534A /* MainProjectTests */,
				32D88E7F249B59A3003D534A /* MainProjectUITests */,
				32D88E5C249B59A2003D534A /* Products */,
			);
			sourceTree = "<group>";
		};
		32D88E5C249B59A2003D534A /* Products */ = {
			isa = PBXGroup;
			children = (
				32D88E5B249B59A2003D534A /* MainProject.app */,
				32D88E71249B59A3003D534A /* MainProjectTests.xctest */,
				32D88E7C249B59A3003D534A /* MainProjectUITests.xctest */,
			);
			name = Products;
			sourceTree = "<group>";
		};
		32D88E5D249B59A2003D534A /* MainProject */ = {
			isa = PBXGroup;
			children = (
				32D88E5E249B59A2003D534A /* AppDelegate.swift */,
				32D88E60249B59A2003D534A /* SceneDelegate.swift */,
				32D88E62249B59A2003D534A /* ViewController.swift */,
				32D88E64249B59A2003D534A /* Main.storyboard */,
				32D88E67249B59A3003D534A /* Assets.xcassets */,
				32D88E69249B59A3003D534A /* LaunchScreen.storyboard */,
				32D88E6C249B59A3003D534A /* Info.plist */,
			);
			path = MainProject;
			sourceTree = "<group>";
		};
		32D88E74249B59A3003D534A /* MainProjectTests */ = {
			isa = PBXGroup;
			children = (
				32D88E75249B59A3003D534A /* MainProjectTests.swift */,
				32D88E77249B59A3003D534A /* Info.plist */,
			);
			path = MainProjectTests;
			sourceTree = "<group>";
		};
		32D88E7F249B59A3003D534A /* MainProjectUITests */ = {
			isa = PBXGroup;
			children = (
				32D88E80249B59A3003D534A /* MainProjectUITests.swift */,
				32D88E82249B59A3003D534A /* Info.plist */,
			);
			path = MainProjectUITests;
			sourceTree = "<group>";
		};
/* End PBXGroup section */

/* Begin PBXNativeTarget section */
		32D88E5A249B59A2003D534A /* MainProject */ = {
			isa = PBXNativeTarget;
			buildConfigurationList = 32D88E85249B59A3003D534A /* Build configuration list for PBXNativeTarget "MainProject" */;
			buildPhases = (
				32D88E57249B59A2003D534A /* Sources */,
				32D88E58249B59A2003D534A /* Frameworks */,
				32D88E59249B59A2003D534A /* Resources */,
			);
			buildRules = (
			);
			dependencies = (
			);
			name = MainProject;
			productName = MainProject;
			productReference = 32D88E5B249B59A2003D534A /* MainProject.app */;
			productType = "com.apple.product-type.application";
		};
		32D88E70249B59A3003D534A /* MainProjectTests */ = {
			isa = PBXNativeTarget;
			buildConfigurationList = 32D88E88249B59A3003D534A /* Build configuration list for PBXNativeTarget "MainProjectTests" */;
			buildPhases = (
				32D88E6D249B59A3003D534A /* Sources */,
				32D88E6E249B59A3003D534A /* Frameworks */,
				32D88E6F249B59A3003D534A /* Resources */,
			);
			buildRules = (
			);
			dependencies = (
				32D88E73249B59A3003D534A /* PBXTargetDependency */,
			);
			name = MainProjectTests;
			productName = MainProjectTests;
			productReference = 32D88E71249B59A3003D534A /* MainProjectTests.xctest */;
			productType = "com.apple.product-type.bundle.unit-test";
		};
		32D88E7B249B59A3003D534A /* MainProjectUITests */ = {
			isa = PBXNativeTarget;
			buildConfigurationList = 32D88E8B249B59A3003D534A /* Build configuration list for PBXNativeTarget "MainProjectUITests" */;
			buildPhases = (
				32D88E78249B59A3003D534A /* Sources */,
				32D88E79249B59A3003D534A /* Frameworks */,
				32D88E7A249B59A3003D534A /* Resources */,
			);
			buildRules = (
			);
			dependencies = (
				32D88E7E249B59A3003D534A /* PBXTargetDependency */,
			);
			name = MainProjectUITests;
			productName = MainProjectUITests;
			productReference = 32D88E7C249B59A3003D534A /* MainProjectUITests.xctest */;
			productType = "com.apple.product-type.bundle.ui-testing";
		};
/* End PBXNativeTarget section */

/* Begin PBXProject section */
		32D88E53249B59A2003D534A /* Project object */ = {
			isa = PBXProject;
			attributes = {
				LastSwiftUpdateCheck = 1150;
				LastUpgradeCheck = 1150;
				ORGANIZATIONNAME = "Bruce Chen";
				TargetAttributes = {
					32D88E5A249B59A2003D534A = {
						CreatedOnToolsVersion = 11.5;
					};
					32D88E70249B59A3003D534A = {
						CreatedOnToolsVersion = 11.5;
						TestTargetID = 32D88E5A249B59A2003D534A;
					};
					32D88E7B249B59A3003D534A = {
						CreatedOnToolsVersion = 11.5;
						TestTargetID = 32D88E5A249B59A2003D534A;
					};
				};
			};
			buildConfigurationList = 32D88E56249B59A2003D534A /* Build configuration list for PBXProject "MainProject" */;
			compatibilityVersion = "Xcode 9.3";
			developmentRegion = en;
			hasScannedForEncodings = 0;
			knownRegions = (
				en,
				Base,
			);
			mainGroup = 32D88E52249B59A2003D534A;
			productRefGroup = 32D88E5C249B59A2003D534A /* Products */;
			projectDirPath = "";
			projectRoot = "";
			targets = (
				32D88E5A249B59A2003D534A /* MainProject */,
				32D88E70249B59A3003D534A /* MainProjectTests */,
				32D88E7B249B59A3003D534A /* MainProjectUITests */,
			);
		};
/* End PBXProject section */

/* Begin PBXResourcesBuildPhase section */
		32D88E59249B59A2003D534A /* Resources */ = {
			isa = PBXResourcesBuildPhase;
			buildActionMask = 2147483647;
			files = (
				32D88E6B249B59A3003D534A /* LaunchScreen.storyboard in Resources */,
				32D88E68249B59A3003D534A /* Assets.xcassets in Resources */,
				32D88E66249B59A2003D534A /* Main.storyboard in Resources */,
			);
			runOnlyForDeploymentPostprocessing = 0;
		};
		32D88E6F249B59A3003D534A /* Resources */ = {
			isa = PBXResourcesBuildPhase;
			buildActionMask = 2147483647;
			files = (
			);
			runOnlyForDeploymentPostprocessing = 0;
		};
		32D88E7A249B59A3003D534A /* Resources */ = {
			isa = PBXResourcesBuildPhase;
			buildActionMask = 2147483647;
			files = (
			);
			runOnlyForDeploymentPostprocessing = 0;
		};
/* End PBXResourcesBuildPhase section */

/* Begin PBXSourcesBuildPhase section */
		32D88E57249B59A2003D534A /* Sources */ = {
			isa = PBXSourcesBuildPhase;
			buildActionMask = 2147483647;
			files = (
				32D88E63249B59A2003D534A /* ViewController.swift in Sources */,
				32D88E5F249B59A2003D534A /* AppDelegate.swift in Sources */,
				32D88E61249B59A2003D534A /* SceneDelegate.swift in Sources */,
			);
			runOnlyForDeploymentPostprocessing = 0;
		};
		32D88E6D249B59A3003D534A /* Sources */ = {
			isa = PBXSourcesBuildPhase;
			buildActionMask = 2147483647;
			files = (
				32D88E76249B59A3003D534A /* MainProjectTests.swift in Sources */,
			);
			runOnlyForDeploymentPostprocessing = 0;
		};
		32D88E78249B59A3003D534A /* Sources */ = {
			isa = PBXSourcesBuildPhase;
			buildActionMask = 2147483647;
			files = (
				32D88E81249B59A3003D534A /* MainProjectUITests.swift in Sources */,
			);
			runOnlyForDeploymentPostprocessing = 0;
		};
/* End PBXSourcesBuildPhase section */

/* Begin PBXTargetDependency section */
		32D88E73249B59A3003D534A /* PBXTargetDependency */ = {
			isa = PBXTargetDependency;
			target = 32D88E5A249B59A2003D534A /* MainProject */;
			targetProxy = 32D88E72249B59A3003D534A /* PBXContainerItemProxy */;
		};
		32D88E7E249B59A3003D534A /* PBXTargetDependency */ = {
			isa = PBXTargetDependency;
			target = 32D88E5A249B59A2003D534A /* MainProject */;
			targetProxy = 32D88E7D249B59A3003D534A /* PBXContainerItemProxy */;
		};
/* End PBXTargetDependency section */

/* Begin PBXVariantGroup section */
		32D88E64249B59A2003D534A /* Main.storyboard */ = {
			isa = PBXVariantGroup;
			children = (
				32D88E65249B59A2003D534A /* Base */,
			);
			name = Main.storyboard;
			sourceTree = "<group>";
		};
		32D88E69249B59A3003D534A /* LaunchScreen.storyboard */ = {
			isa = PBXVariantGroup;
			children = (
				32D88E6A249B59A3003D534A /* Base */,
			);
			name = LaunchScreen.storyboard;
			sourceTree = "<group>";
		};
/* End PBXVariantGroup section */

/* Begin XCBuildConfiguration section */
		32D88E83249B59A3003D534A /* Debug */ = {
			isa = XCBuildConfiguration;
			buildSettings = {
				ALWAYS_SEARCH_USER_PATHS = NO;
				CLANG_ANALYZER_NONNULL = YES;
				CLANG_ANALYZER_NUMBER_OBJECT_CONVERSION = YES_AGGRESSIVE;
				CLANG_CXX_LANGUAGE_STANDARD = "gnu++14";
				CLANG_CXX_LIBRARY = "libc++";
				CLANG_ENABLE_MODULES = YES;
				CLANG_ENABLE_OBJC_ARC = YES;
				CLANG_ENABLE_OBJC_WEAK = YES;
				CLANG_WARN_BLOCK_CAPTURE_AUTORELEASING = YES;
				CLANG_WARN_BOOL_CONVERSION = YES;
				CLANG_WARN_COMMA = YES;
				CLANG_WARN_CONSTANT_CONVERSION = YES;
				CLANG_WARN_DEPRECATED_OBJC_IMPLEMENTATIONS = YES;
				CLANG_WARN_DIRECT_OBJC_ISA_USAGE = YES_ERROR;
				CLANG_WARN_DOCUMENTATION_COMMENTS = YES;
				CLANG_WARN_EMPTY_BODY = YES;
				CLANG_WARN_ENUM_CONVERSION = YES;
				CLANG_WARN_INFINITE_RECURSION = YES;
				CLANG_WARN_INT_CONVERSION = YES;
				CLANG_WARN_NON_LITERAL_NULL_CONVERSION = YES;
				CLANG_WARN_OBJC_IMPLICIT_RETAIN_SELF = YES;
				CLANG_WARN_OBJC_LITERAL_CONVERSION = YES;
				CLANG_WARN_OBJC_ROOT_CLASS = YES_ERROR;
				CLANG_WARN_RANGE_LOOP_ANALYSIS = YES;
				CLANG_WARN_STRICT_PROTOTYPES = YES;
				CLANG_WARN_SUSPICIOUS_MOVE = YES;
				CLANG_WARN_UNGUARDED_AVAILABILITY = YES_AGGRESSIVE;
				CLANG_WARN_UNREACHABLE_CODE = YES;
				CLANG_WARN__DUPLICATE_METHOD_MATCH = YES;
				COPY_PHASE_STRIP = NO;
				DEBUG_INFORMATION_FORMAT = dwarf;
				ENABLE_STRICT_OBJC_MSGSEND = YES;
				ENABLE_TESTABILITY = YES;
				GCC_C_LANGUAGE_STANDARD = gnu11;
				GCC_DYNAMIC_NO_PIC = NO;
				GCC_NO_COMMON_BLOCKS = YES;
				GCC_OPTIMIZATION_LEVEL = 0;
				GCC_PREPROCESSOR_DEFINITIONS = (
					"DEBUG=1",
					"$(inherited)",
				);
				GCC_WARN_64_TO_32_BIT_CONVERSION = YES;
				GCC_WARN_ABOUT_RETURN_TYPE = YES_ERROR;
				GCC_WARN_UNDECLARED_SELECTOR = YES;
				GCC_WARN_UNINITIALIZED_AUTOS = YES_AGGRESSIVE;
				GCC_WARN_UNUSED_FUNCTION = YES;
				GCC_WARN_UNUSED_VARIABLE = YES;
				IPHONEOS_DEPLOYMENT_TARGET = 13.5;
				MTL_ENABLE_DEBUG_INFO = INCLUDE_SOURCE;
				MTL_FAST_MATH = YES;
				ONLY_ACTIVE_ARCH = YES;
				SDKROOT = iphoneos;
				SWIFT_ACTIVE_COMPILATION_CONDITIONS = DEBUG;
				SWIFT_OPTIMIZATION_LEVEL = "-Onone";
			};
			name = Debug;
		};
		32D88E84249B59A3003D534A /* Release */ = {
			isa = XCBuildConfiguration;
			buildSettings = {
				ALWAYS_SEARCH_USER_PATHS = NO;
				CLANG_ANALYZER_NONNULL = YES;
				CLANG_ANALYZER_NUMBER_OBJECT_CONVERSION = YES_AGGRESSIVE;
				CLANG_CXX_LANGUAGE_STANDARD = "gnu++14";
				CLANG_CXX_LIBRARY = "libc++";
				CLANG_ENABLE_MODULES = YES;
				CLANG_ENABLE_OBJC_ARC = YES;
				CLANG_ENABLE_OBJC_WEAK = YES;
				CLANG_WARN_BLOCK_CAPTURE_AUTORELEASING = YES;
				CLANG_WARN_BOOL_CONVERSION = YES;
				CLANG_WARN_COMMA = YES;
				CLANG_WARN_CONSTANT_CONVERSION = YES;
				CLANG_WARN_DEPRECATED_OBJC_IMPLEMENTATIONS = YES;
				CLANG_WARN_DIRECT_OBJC_ISA_USAGE = YES_ERROR;
				CLANG_WARN_DOCUMENTATION_COMMENTS = YES;
				CLANG_WARN_EMPTY_BODY = YES;
				CLANG_WARN_ENUM_CONVERSION = YES;
				CLANG_WARN_INFINITE_RECURSION = YES;
				CLANG_WARN_INT_CONVERSION = YES;
				CLANG_WARN_NON_LITERAL_NULL_CONVERSION = YES;
				CLANG_WARN_OBJC_IMPLICIT_RETAIN_SELF = YES;
				CLANG_WARN_OBJC_LITERAL_CONVERSION = YES;
				CLANG_WARN_OBJC_ROOT_CLASS = YES_ERROR;
				CLANG_WARN_RANGE_LOOP_ANALYSIS = YES;
				CLANG_WARN_STRICT_PROTOTYPES = YES;
				CLANG_WARN_SUSPICIOUS_MOVE = YES;
				CLANG_WARN_UNGUARDED_AVAILABILITY = YES_AGGRESSIVE;
				CLANG_WARN_UNREACHABLE_CODE = YES;
				CLANG_WARN__DUPLICATE_METHOD_MATCH = YES;
				COPY_PHASE_STRIP = NO;
				DEBUG_INFORMATION_FORMAT = "dwarf-with-dsym";
				ENABLE_NS_ASSERTIONS = NO;
				ENABLE_STRICT_OBJC_MSGSEND = YES;
				GCC_C_LANGUAGE_STANDARD = gnu11;
				GCC_NO_COMMON_BLOCKS = YES;
				GCC_WARN_64_TO_32_BIT_CONVERSION = YES;
				GCC_WARN_ABOUT_RETURN_TYPE = YES_ERROR;
				GCC_WARN_UNDECLARED_SELECTOR = YES;
				GCC_WARN_UNINITIALIZED_AUTOS = YES_AGGRESSIVE;
				GCC_WARN_UNUSED_FUNCTION = YES;
				GCC_WARN_UNUSED_VARIABLE = YES;
				IPHONEOS_DEPLOYMENT_TARGET = 13.5;
				MTL_ENABLE_DEBUG_INFO = NO;
				MTL_FAST_MATH = YES;
				SDKROOT = iphoneos;
				SWIFT_COMPILATION_MODE = wholemodule;
				SWIFT_OPTIMIZATION_LEVEL = "-O";
				VALIDATE_PRODUCT = YES;
			};
			name = Release;
		};
		32D88E86249B59A3003D534A /* Debug */ = {
			isa = XCBuildConfiguration;
			buildSettings = {
				ASSETCATALOG_COMPILER_APPICON_NAME = AppIcon;
				CODE_SIGN_STYLE = Automatic;
				INFOPLIST_FILE = MainProject/Info.plist;
				LD_RUNPATH_SEARCH_PATHS = (
					"$(inherited)",
					"@executable_path/Frameworks",
				);
				PRODUCT_BUNDLE_IDENTIFIER = tw.com.bruce.MainProject;
				PRODUCT_NAME = "$(TARGET_NAME)";
				SWIFT_VERSION = 5.0;
				TARGETED_DEVICE_FAMILY = "1,2";
			};
			name = Debug;
		};
		32D88E87249B59A3003D534A /* Release */ = {
			isa = XCBuildConfiguration;
			buildSettings = {
				ASSETCATALOG_COMPILER_APPICON_NAME = AppIcon;
				CODE_SIGN_STYLE = Automatic;
				INFOPLIST_FILE = MainProject/Info.plist;
				LD_RUNPATH_SEARCH_PATHS = (
					"$(inherited)",
					"@executable_path/Frameworks",
				);
				PRODUCT_BUNDLE_IDENTIFIER = tw.com.bruce.MainProject;
				PRODUCT_NAME = "$(TARGET_NAME)";
				SWIFT_VERSION = 5.0;
				TARGETED_DEVICE_FAMILY = "1,2";
			};
			name = Release;
		};
		32D88E89249B59A3003D534A /* Debug */ = {
			isa = XCBuildConfiguration;
			buildSettings = {
				ALWAYS_EMBED_SWIFT_STANDARD_LIBRARIES = YES;
				BUNDLE_LOADER = "$(TEST_HOST)";
				CODE_SIGN_STYLE = Automatic;
				INFOPLIST_FILE = MainProjectTests/Info.plist;
				IPHONEOS_DEPLOYMENT_TARGET = 13.5;
				LD_RUNPATH_SEARCH_PATHS = (
					"$(inherited)",
					"@executable_path/Frameworks",
					"@loader_path/Frameworks",
				);
				PRODUCT_BUNDLE_IDENTIFIER = tw.com.bruce.MainProjectTests;
				PRODUCT_NAME = "$(TARGET_NAME)";
				SWIFT_VERSION = 5.0;
				TARGETED_DEVICE_FAMILY = "1,2";
				TEST_HOST = "$(BUILT_PRODUCTS_DIR)/MainProject.app/MainProject";
			};
			name = Debug;
		};
		32D88E8A249B59A3003D534A /* Release */ = {
			isa = XCBuildConfiguration;
			buildSettings = {
				ALWAYS_EMBED_SWIFT_STANDARD_LIBRARIES = YES;
				BUNDLE_LOADER = "$(TEST_HOST)";
				CODE_SIGN_STYLE = Automatic;
				INFOPLIST_FILE = MainProjectTests/Info.plist;
				IPHONEOS_DEPLOYMENT_TARGET = 13.5;
				LD_RUNPATH_SEARCH_PATHS = (
					"$(inherited)",
					"@executable_path/Frameworks",
					"@loader_path/Frameworks",
				);
				PRODUCT_BUNDLE_IDENTIFIER = tw.com.bruce.MainProjectTests;
				PRODUCT_NAME = "$(TARGET_NAME)";
				SWIFT_VERSION = 5.0;
				TARGETED_DEVICE_FAMILY = "1,2";
				TEST_HOST = "$(BUILT_PRODUCTS_DIR)/MainProject.app/MainProject";
			};
			name = Release;
		};
		32D88E8C249B59A3003D534A /* Debug */ = {
			isa = XCBuildConfiguration;
			buildSettings = {
				ALWAYS_EMBED_SWIFT_STANDARD_LIBRARIES = YES;
				CODE_SIGN_STYLE = Automatic;
				INFOPLIST_FILE = MainProjectUITests/Info.plist;
				LD_RUNPATH_SEARCH_PATHS = (
					"$(inherited)",
					"@executable_path/Frameworks",
					"@loader_path/Frameworks",
				);
				PRODUCT_BUNDLE_IDENTIFIER = tw.com.bruce.MainProjectUITests;
				PRODUCT_NAME = "$(TARGET_NAME)";
				SWIFT_VERSION = 5.0;
				TARGETED_DEVICE_FAMILY = "1,2";
				TEST_TARGET_NAME = MainProject;
			};
			name = Debug;
		};
		32D88E8D249B59A3003D534A /* Release */ = {
			isa = XCBuildConfiguration;
			buildSettings = {
				ALWAYS_EMBED_SWIFT_STANDARD_LIBRARIES = YES;
				CODE_SIGN_STYLE = Automatic;
				INFOPLIST_FILE = MainProjectUITests/Info.plist;
				LD_RUNPATH_SEARCH_PATHS = (
					"$(inherited)",
					"@executable_path/Frameworks",
					"@loader_path/Frameworks",
				);
				PRODUCT_BUNDLE_IDENTIFIER = tw.com.bruce.MainProjectUITests;
				PRODUCT_NAME = "$(TARGET_NAME)";
				SWIFT_VERSION = 5.0;
				TARGETED_DEVICE_FAMILY = "1,2";
				TEST_TARGET_NAME = MainProject;
			};
			name = Release;
		};
/* End XCBuildConfiguration section */

/* Begin XCConfigurationList section */
		32D88E56249B59A2003D534A /* Build configuration list for PBXProject "MainProject" */ = {
			isa = XCConfigurationList;
			buildConfigurations = (
				32D88E83249B59A3003D534A /* Debug */,
				32D88E84249B59A3003D534A /* Release */,
			);
			defaultConfigurationIsVisible = 0;
			defaultConfigurationName = Release;
		};
		32D88E85249B59A3003D534A /* Build configuration list for PBXNativeTarget "MainProject" */ = {
			isa = XCConfigurationList;
			buildConfigurations = (
				32D88E86249B59A3003D534A /* Debug */,
				32D88E87249B59A3003D534A /* Release */,
			);
			defaultConfigurationIsVisible = 0;
			defaultConfigurationName = Release;
		};
		32D88E88249B59A3003D534A /* Build configuration list for PBXNativeTarget "MainProjectTests" */ = {
			isa = XCConfigurationList;
			buildConfigurations = (
				32D88E89249B59A3003D534A /* Debug */,
				32D88E8A249B59A3003D534A /* Release */,
			);
			defaultConfigurationIsVisible = 0;
			defaultConfigurationName = Release;
		};
		32D88E8B249B59A3003D534A /* Build configuration list for PBXNativeTarget "MainProjectUITests" */ = {
			isa = XCConfigurationList;
			buildConfigurations = (
				32D88E8C249B59A3003D534A /* Debug */,
				32D88E8D249B59A3003D534A /* Release */,
			);
			defaultConfigurationIsVisible = 0;
			defaultConfigurationName = Release;
		};
/* End XCConfigurationList section */
	};
	rootObject = 32D88E53249B59A2003D534A /* Project object */;
}
